
Microsoft Visual Studio Solution File, Format Version 12.00
# Visual Studio Version 17
VisualStudioVersion = 17.6.33801.468
MinimumVisualStudioVersion = 10.0.40219.1
Project("{FAE04EC0-301F-11D3-BF4B-00C04F79EFBC}") = "projetos", "projetos\projetos.csproj", "{863C1E92-249C-4D34-8A11-A7F3009AAA64}"
EndProject
Global
	GlobalSection(SolutionConfigurationPlatforms) = preSolution
		Debug|Any CPU = Debug|Any CPU
		Release|Any CPU = Release|Any CPU
	EndGlobalSection
	GlobalSection(ProjectConfigurationPlatforms) = postSolution
		{863C1E92-249C-4D34-8A11-A7F3009AAA64}.Debug|Any CPU.ActiveCfg = Debug|Any CPU
		{863C1E92-249C-4D34-8A11-A7F3009AAA64}.Debug|Any CPU.Build.0 = Debug|Any CPU
		{863C1E92-249C-4D34-8A11-A7F3009AAA64}.Release|Any CPU.ActiveCfg = Release|Any CPU
		{863C1E92-249C-4D34-8A11-A7F3009AAA64}.Release|Any CPU.Build.0 = Release|Any CPU
	EndGlobalSection
	GlobalSection(SolutionProperties) = preSolution
		HideSolutionNode = FALSE
	EndGlobalSection
	GlobalSection(ExtensibilityGlobals) = postSolution
		SolutionGuid = {CDFFE8C7-D36C-4C20-BC57-CFE41C23CAA5}
	EndGlobalSection
EndGlobal
